
Microsoft Visual Studio Solution File, Format Version 12.00
# Visual Studio Version 16
VisualStudioVersion = 16.0.31321.278
MinimumVisualStudioVersion = 10.0.40219.1
Project("{FAE04EC0-301F-11D3-BF4B-00C04F79EFBC}") = "BugTracker1", "BugTracker1.csproj", "{12B969BF-DF35-4E4E-B962-2EECAB8D11C3}"
EndProject
Global
	GlobalSection(SolutionConfigurationPlatforms) = preSolution
		Debug|Any CPU = Debug|Any CPU
		Release|Any CPU = Release|Any CPU
	EndGlobalSection
	GlobalSection(ProjectConfigurationPlatforms) = postSolution
		{12B969BF-DF35-4E4E-B962-2EECAB8D11C3}.Debug|Any CPU.ActiveCfg = Debug|Any CPU
		{12B969BF-DF35-4E4E-B962-2EECAB8D11C3}.Debug|Any CPU.Build.0 = Debug|Any CPU
		{12B969BF-DF35-4E4E-B962-2EECAB8D11C3}.Release|Any CPU.ActiveCfg = Release|Any CPU
		{12B969BF-DF35-4E4E-B962-2EECAB8D11C3}.Release|Any CPU.Build.0 = Release|Any CPU
	EndGlobalSection
	GlobalSection(SolutionProperties) = preSolution
		HideSolutionNode = FALSE
	EndGlobalSection
	GlobalSection(ExtensibilityGlobals) = postSolution
		SolutionGuid = {DBAA04B4-406C-45D1-A725-E5CAA270CB48}
	EndGlobalSection
EndGlobal
