
Microsoft Visual Studio Solution File, Format Version 12.00
# Visual Studio Version 16
VisualStudioVersion = 16.0.31515.178
MinimumVisualStudioVersion = 10.0.40219.1
Project("{FAE04EC0-301F-11D3-BF4B-00C04F79EFBC}") = "BugTracker", "BugTracker.csproj", "{AA2BB989-1EA6-4CB3-AB2E-F97CC73DFCAF}"
EndProject
Global
	GlobalSection(SolutionConfigurationPlatforms) = preSolution
		Debug|Any CPU = Debug|Any CPU
		Release|Any CPU = Release|Any CPU
	EndGlobalSection
	GlobalSection(ProjectConfigurationPlatforms) = postSolution
		{AA2BB989-1EA6-4CB3-AB2E-F97CC73DFCAF}.Debug|Any CPU.ActiveCfg = Debug|Any CPU
		{AA2BB989-1EA6-4CB3-AB2E-F97CC73DFCAF}.Debug|Any CPU.Build.0 = Debug|Any CPU
		{AA2BB989-1EA6-4CB3-AB2E-F97CC73DFCAF}.Release|Any CPU.ActiveCfg = Release|Any CPU
		{AA2BB989-1EA6-4CB3-AB2E-F97CC73DFCAF}.Release|Any CPU.Build.0 = Release|Any CPU
	EndGlobalSection
	GlobalSection(SolutionProperties) = preSolution
		HideSolutionNode = FALSE
	EndGlobalSection
	GlobalSection(ExtensibilityGlobals) = postSolution
		SolutionGuid = {AB4E8A62-69B2-4CF1-84A2-6F31F31510DB}
	EndGlobalSection
EndGlobal
