
Microsoft Visual Studio Solution File, Format Version 12.00
# Visual Studio Version 16
VisualStudioVersion = 16.0.31515.178
MinimumVisualStudioVersion = 10.0.40219.1
Project("{FAE04EC0-301F-11D3-BF4B-00C04F79EFBC}") = "BugTracker", "BugTracker\BugTracker.csproj", "{78FECC1E-48C0-49DC-8FEC-AB8E4AD26940}"
EndProject
Global
	GlobalSection(SolutionConfigurationPlatforms) = preSolution
		Debug|Any CPU = Debug|Any CPU
		Release|Any CPU = Release|Any CPU
	EndGlobalSection
	GlobalSection(ProjectConfigurationPlatforms) = postSolution
		{78FECC1E-48C0-49DC-8FEC-AB8E4AD26940}.Debug|Any CPU.ActiveCfg = Debug|Any CPU
		{78FECC1E-48C0-49DC-8FEC-AB8E4AD26940}.Debug|Any CPU.Build.0 = Debug|Any CPU
		{78FECC1E-48C0-49DC-8FEC-AB8E4AD26940}.Release|Any CPU.ActiveCfg = Release|Any CPU
		{78FECC1E-48C0-49DC-8FEC-AB8E4AD26940}.Release|Any CPU.Build.0 = Release|Any CPU
	EndGlobalSection
	GlobalSection(SolutionProperties) = preSolution
		HideSolutionNode = FALSE
	EndGlobalSection
	GlobalSection(ExtensibilityGlobals) = postSolution
		SolutionGuid = {794608B6-2713-4D37-A7D8-19BD66F1EFED}
	EndGlobalSection
EndGlobal
