
Microsoft Visual Studio Solution File, Format Version 12.00
# Visual Studio Version 16
VisualStudioVersion = 16.0.31515.178
MinimumVisualStudioVersion = 10.0.40219.1
Project("{FAE04EC0-301F-11D3-BF4B-00C04F79EFBC}") = "BugTracker", "BugTracker\BugTracker.csproj", "{CF2499D0-4B6F-4260-864A-B2F360D91008}"
EndProject
Global
	GlobalSection(SolutionConfigurationPlatforms) = preSolution
		Debug|Any CPU = Debug|Any CPU
		Release|Any CPU = Release|Any CPU
	EndGlobalSection
	GlobalSection(ProjectConfigurationPlatforms) = postSolution
		{CF2499D0-4B6F-4260-864A-B2F360D91008}.Debug|Any CPU.ActiveCfg = Debug|Any CPU
		{CF2499D0-4B6F-4260-864A-B2F360D91008}.Debug|Any CPU.Build.0 = Debug|Any CPU
		{CF2499D0-4B6F-4260-864A-B2F360D91008}.Release|Any CPU.ActiveCfg = Release|Any CPU
		{CF2499D0-4B6F-4260-864A-B2F360D91008}.Release|Any CPU.Build.0 = Release|Any CPU
	EndGlobalSection
	GlobalSection(SolutionProperties) = preSolution
		HideSolutionNode = FALSE
	EndGlobalSection
	GlobalSection(ExtensibilityGlobals) = postSolution
		SolutionGuid = {CC600BDB-0CC0-439A-80A5-50AADD654C83}
	EndGlobalSection
EndGlobal
